{
  "name": "nodejs-24.04",
  "version": "1.0.0",
  "lockfileVersion": 1,
  "requires": true,
  "dependencies": {
    "ansi": {
      "version": "0.3.1",
      "resolved": "https://registry.npmjs.org/ansi/-/ansi-0.3.1.tgz",
      "integrity": "sha1-DELU+xcWDVqa8eSEus4cZpIsGyE="
    },
    "one-liner-joke": {
      "version": "1.2.0",
      "resolved": "https://registry.npmjs.org/one-liner-joke/-/one-liner-joke-1.2.0.tgz",
      "integrity": "sha512-cyqGnIRKCe25ZERjlyKtpQp4BfN+iV22nC6rLtTMkJh+w300DK+9UitFzJZfilMdFKImKQO+w/G/E1sUSYBsrw=="
    },
    "readline": {
      "version": "1.3.0",
      "resolved": "https://registry.npmjs.org/readline/-/readline-1.3.0.tgz",
      "integrity": "sha1-xYDXfvLPyHUrEySYBg3JeTp6wBw="
    }
  }
}
